
Microsoft Visual Studio Solution File, Format Version 12.00
# Visual Studio Version 17
VisualStudioVersion = 17.11.35222.181
MinimumVisualStudioVersion = 10.0.40219.1
Project("{FAE04EC0-301F-11D3-BF4B-00C04F79EFBC}") = "examentermino", "examentermino.csproj", "{93886EF0-BA23-4EC4-8462-5A49D01AA3DB}"
EndProject
Global
	GlobalSection(SolutionConfigurationPlatforms) = preSolution
		Debug|Any CPU = Debug|Any CPU
		Release|Any CPU = Release|Any CPU
	EndGlobalSection
	GlobalSection(ProjectConfigurationPlatforms) = postSolution
		{93886EF0-BA23-4EC4-8462-5A49D01AA3DB}.Debug|Any CPU.ActiveCfg = Debug|Any CPU
		{93886EF0-BA23-4EC4-8462-5A49D01AA3DB}.Debug|Any CPU.Build.0 = Debug|Any CPU
		{93886EF0-BA23-4EC4-8462-5A49D01AA3DB}.Release|Any CPU.ActiveCfg = Release|Any CPU
		{93886EF0-BA23-4EC4-8462-5A49D01AA3DB}.Release|Any CPU.Build.0 = Release|Any CPU
	EndGlobalSection
	GlobalSection(SolutionProperties) = preSolution
		HideSolutionNode = FALSE
	EndGlobalSection
	GlobalSection(ExtensibilityGlobals) = postSolution
		SolutionGuid = {FC71B2C7-DE35-4598-AEE4-FB90DFA587CD}
	EndGlobalSection
EndGlobal
